<?xml version="1.0" encoding="utf-8"?>
<Project ToolsVersion="4.0" xmlns="http://schemas.microsoft.com/developer/msbuild/2003">
  <ItemGroup>
    <Filter Include="Quelldateien">
      <UniqueIdentifier>{4FC737F1-C7A5-4376-A066-2A32D752A2FF}</UniqueIdentifier>
      <Extensions>cpp;c;cc;cxx;c++;cppm;ixx;def;odl;idl;hpj;bat;asm;asmx</Extensions>
    </Filter>
    <Filter Include="Headerdateien">
      <UniqueIdentifier>{93995380-89BD-4b04-88EB-625FBE52EBFB}</UniqueIdentifier>
      <Extensions>h;hh;hpp;hxx;h++;hm;inl;inc;ipp;xsd</Extensions>
    </Filter>
    <Filter Include="Ressourcendateien">
      <UniqueIdentifier>{67DA6AB6-F800-4c08-8B7A-83BB121AAD01}</UniqueIdentifier>
      <Extensions>rc;ico;cur;bmp;dlg;rc2;rct;bin;rgs;gif;jpg;jpeg;jpe;resx;tiff;tif;png;wav;mfcribbon-ms</Extensions>
    </Filter>
  </ItemGroup>
  <ItemGroup>
    <ClCompile Include="main.cpp">
      <Filter>Quelldateien</Filter>
    </ClCompile>
    <ClCompile Include="ETWHandler.cpp">
      <Filter>Quelldateien</Filter>
    </ClCompile>
    <ClCompile Include="Logger.cpp">
      <Filter>Quelldateien</Filter>
    </ClCompile>
    <ClCompile Include="Menu.cpp">
      <Filter>Quelldateien</Filter>
    </ClCompile>
    <ClCompile Include="FileUtils.cpp">
      <Filter>Quelldateien</Filter>
    </ClCompile>
    <ClCompile Include="StartupFolderMonitor.cpp">
      <Filter>Quelldateien</Filter>
    </ClCompile>
    <ClCompile Include="VbsProtector.cpp">
      <Filter>Quelldateien</Filter>
    </ClCompile>
    <ClCompile Include="TaskSchedulerMonitor.cpp">
      <Filter>Quelldateien</Filter>
    </ClCompile>
    <ClCompile Include="TaskSchedulerFolderMonitor.cpp">
      <Filter>Quelldateien</Filter>
    </ClCompile>
  </ItemGroup>
  <ItemGroup>
    <ClInclude Include="ext\plog\Appenders\AndroidAppender.h">
      <Filter>Headerdateien</Filter>
    </ClInclude>
    <ClInclude Include="ext\plog\Appenders\ArduinoAppender.h">
      <Filter>Headerdateien</Filter>
    </ClInclude>
    <ClInclude Include="ext\plog\Appenders\ColorConsoleAppender.h">
      <Filter>Headerdateien</Filter>
    </ClInclude>
    <ClInclude Include="ext\plog\Appenders\ConsoleAppender.h">
      <Filter>Headerdateien</Filter>
    </ClInclude>
    <ClInclude Include="ext\plog\Appenders\DebugOutputAppender.h">
      <Filter>Headerdateien</Filter>
    </ClInclude>
    <ClInclude Include="ext\plog\Appenders\DynamicAppender.h">
      <Filter>Headerdateien</Filter>
    </ClInclude>
    <ClInclude Include="ext\plog\Appenders\EventLogAppender.h">
      <Filter>Headerdateien</Filter>
    </ClInclude>
    <ClInclude Include="ext\plog\Appenders\IAppender.h">
      <Filter>Headerdateien</Filter>
    </ClInclude>
    <ClInclude Include="ext\plog\Appenders\RollingFileAppender.h">
      <Filter>Headerdateien</Filter>
    </ClInclude>
    <ClInclude Include="ext\plog\Converters\NativeEOLConverter.h">
      <Filter>Headerdateien</Filter>
    </ClInclude>
    <ClInclude Include="ext\plog\Converters\UTF8Converter.h">
      <Filter>Headerdateien</Filter>
    </ClInclude>
    <ClInclude Include="ext\plog\Formatters\CsvFormatter.h">
      <Filter>Headerdateien</Filter>
    </ClInclude>
    <ClInclude Include="ext\plog\Formatters\FuncMessageFormatter.h">
      <Filter>Headerdateien</Filter>
    </ClInclude>
    <ClInclude Include="ext\plog\Formatters\MessageOnlyFormatter.h">
      <Filter>Headerdateien</Filter>
    </ClInclude>
    <ClInclude Include="ext\plog\Formatters\TxtFormatter.h">
      <Filter>Headerdateien</Filter>
    </ClInclude>
    <ClInclude Include="ext\plog\Helpers\AscDump.h">
      <Filter>Headerdateien</Filter>
    </ClInclude>
    <ClInclude Include="ext\plog\Helpers\HexDump.h">
      <Filter>Headerdateien</Filter>
    </ClInclude>
    <ClInclude Include="ext\plog\Helpers\PrintVar.h">
      <Filter>Headerdateien</Filter>
    </ClInclude>
    <ClInclude Include="ext\plog\Initializers\ConsoleInitializer.h">
      <Filter>Headerdateien</Filter>
    </ClInclude>
    <ClInclude Include="ext\plog\Initializers\RollingFileInitializer.h">
      <Filter>Headerdateien</Filter>
    </ClInclude>
    <ClInclude Include="ext\plog\Init.h">
      <Filter>Headerdateien</Filter>
    </ClInclude>
    <ClInclude Include="ext\plog\Log.h">
      <Filter>Headerdateien</Filter>
    </ClInclude>
    <ClInclude Include="ext\plog\Logger.h">
      <Filter>Headerdateien</Filter>
    </ClInclude>
    <ClInclude Include="ext\plog\Record.h">
      <Filter>Headerdateien</Filter>
    </ClInclude>
    <ClInclude Include="ext\plog\Severity.h">
      <Filter>Headerdateien</Filter>
    </ClInclude>
    <ClInclude Include="ext\plog\Util.h">
      <Filter>Headerdateien</Filter>
    </ClInclude>
    <ClInclude Include="ext\plog\WinApi.h">
      <Filter>Headerdateien</Filter>
    </ClInclude>
    <ClInclude Include="ETWHandler.h">
      <Filter>Headerdateien</Filter>
    </ClInclude>
    <ClInclude Include="Logger.h">
      <Filter>Headerdateien</Filter>
    </ClInclude>
    <ClInclude Include="Menu.h">
      <Filter>Headerdateien</Filter>
    </ClInclude>
    <ClInclude Include="FileUtils.h">
      <Filter>Headerdateien</Filter>
    </ClInclude>
    <ClInclude Include="StartupFolderMonitor.h">
      <Filter>Headerdateien</Filter>
    </ClInclude>
    <ClInclude Include="VbsProtector.h">
      <Filter>Headerdateien</Filter>
    </ClInclude>
    <ClInclude Include="TaskSchedulerMonitor.h">
      <Filter>Headerdateien</Filter>
    </ClInclude>
    <ClInclude Include="TaskSchedulerFolderMonitor.h">
      <Filter>Headerdateien</Filter>
    </ClInclude>
  </ItemGroup>
</Project>